
Microsoft Visual Studio Solution File, Format Version 12.00
# Visual Studio Version 16
VisualStudioVersion = 16.0.30002.166
MinimumVisualStudioVersion = 10.0.40219.1
Project("{FAE04EC0-301F-11D3-BF4B-00C04F79EFBC}") = "TaksNet", "TaksNet\TaksNet.csproj", "{857B1536-F912-4F3B-B953-67E81CC103E7}"
EndProject
Global
	GlobalSection(SolutionConfigurationPlatforms) = preSolution
		Debug|Any CPU = Debug|Any CPU
		Release|Any CPU = Release|Any CPU
	EndGlobalSection
	GlobalSection(ProjectConfigurationPlatforms) = postSolution
		{857B1536-F912-4F3B-B953-67E81CC103E7}.Debug|Any CPU.ActiveCfg = Debug|Any CPU
		{857B1536-F912-4F3B-B953-67E81CC103E7}.Debug|Any CPU.Build.0 = Debug|Any CPU
		{857B1536-F912-4F3B-B953-67E81CC103E7}.Release|Any CPU.ActiveCfg = Release|Any CPU
		{857B1536-F912-4F3B-B953-67E81CC103E7}.Release|Any CPU.Build.0 = Release|Any CPU
	EndGlobalSection
	GlobalSection(SolutionProperties) = preSolution
		HideSolutionNode = FALSE
	EndGlobalSection
	GlobalSection(ExtensibilityGlobals) = postSolution
		SolutionGuid = {51CF9B62-55AA-46CE-8AD9-0D5F93167FC4}
	EndGlobalSection
EndGlobal
